
Microsoft Visual Studio Solution File, Format Version 12.00
# Visual Studio 15
VisualStudioVersion = 15.0.27703.2042
MinimumVisualStudioVersion = 10.0.40219.1
Project("{FAE04EC0-301F-11D3-BF4B-00C04F79EFBC}") = "JetADO.NET", "JetADO.NET\JetADO.NET.csproj", "{E75C3FFC-CC41-4372-B474-5DE399F65CF4}"
EndProject
Global
	GlobalSection(SolutionConfigurationPlatforms) = preSolution
		Debug|Any CPU = Debug|Any CPU
		Release|Any CPU = Release|Any CPU
	EndGlobalSection
	GlobalSection(ProjectConfigurationPlatforms) = postSolution
		{E75C3FFC-CC41-4372-B474-5DE399F65CF4}.Debug|Any CPU.ActiveCfg = Debug|Any CPU
		{E75C3FFC-CC41-4372-B474-5DE399F65CF4}.Debug|Any CPU.Build.0 = Debug|Any CPU
		{E75C3FFC-CC41-4372-B474-5DE399F65CF4}.Release|Any CPU.ActiveCfg = Release|Any CPU
		{E75C3FFC-CC41-4372-B474-5DE399F65CF4}.Release|Any CPU.Build.0 = Release|Any CPU
	EndGlobalSection
	GlobalSection(SolutionProperties) = preSolution
		HideSolutionNode = FALSE
	EndGlobalSection
	GlobalSection(ExtensibilityGlobals) = postSolution
		SolutionGuid = {E5AA7170-051C-4D23-AFBC-F3F6566ED87B}
	EndGlobalSection
EndGlobal
